
Microsoft Visual Studio Solution File, Format Version 12.00
# Visual Studio Version 17
VisualStudioVersion = 17.0.31912.275
MinimumVisualStudioVersion = 10.0.40219.1
Project("{FAE04EC0-301F-11D3-BF4B-00C04F79EFBC}") = "EZ_Library", "EZ_Library\EZ_Library.csproj", "{B015EF56-40EC-4A00-BC19-A48942A65D62}"
EndProject
Project("{FAE04EC0-301F-11D3-BF4B-00C04F79EFBC}") = "Services", "Services\Services.csproj", "{8881A474-E208-4DF7-BC1A-6B6C4B3659EB}"
EndProject
Global
	GlobalSection(SolutionConfigurationPlatforms) = preSolution
		Debug|Any CPU = Debug|Any CPU
		Release|Any CPU = Release|Any CPU
	EndGlobalSection
	GlobalSection(ProjectConfigurationPlatforms) = postSolution
		{B015EF56-40EC-4A00-BC19-A48942A65D62}.Debug|Any CPU.ActiveCfg = Debug|Any CPU
		{B015EF56-40EC-4A00-BC19-A48942A65D62}.Debug|Any CPU.Build.0 = Debug|Any CPU
		{B015EF56-40EC-4A00-BC19-A48942A65D62}.Release|Any CPU.ActiveCfg = Release|Any CPU
		{B015EF56-40EC-4A00-BC19-A48942A65D62}.Release|Any CPU.Build.0 = Release|Any CPU
		{8881A474-E208-4DF7-BC1A-6B6C4B3659EB}.Debug|Any CPU.ActiveCfg = Debug|Any CPU
		{8881A474-E208-4DF7-BC1A-6B6C4B3659EB}.Debug|Any CPU.Build.0 = Debug|Any CPU
		{8881A474-E208-4DF7-BC1A-6B6C4B3659EB}.Release|Any CPU.ActiveCfg = Release|Any CPU
		{8881A474-E208-4DF7-BC1A-6B6C4B3659EB}.Release|Any CPU.Build.0 = Release|Any CPU
	EndGlobalSection
	GlobalSection(SolutionProperties) = preSolution
		HideSolutionNode = FALSE
	EndGlobalSection
	GlobalSection(ExtensibilityGlobals) = postSolution
		SolutionGuid = {E703480F-3FD9-49C4-9DB4-56A8F4547AAA}
	EndGlobalSection
EndGlobal
